
Microsoft Visual Studio Solution File, Format Version 12.00
# Visual Studio 15
VisualStudioVersion = 15.0.27130.2024
MinimumVisualStudioVersion = 10.0.40219.1
Project("{FAE04EC0-301F-11D3-BF4B-00C04F79EFBC}") = "DealnetPortal.Api", "DealnetPortal.Api\DealnetPortal.Api.csproj", "{B71FAE74-16C0-4380-B747-7EAD31D64062}"
EndProject
Project("{FAE04EC0-301F-11D3-BF4B-00C04F79EFBC}") = "DealnetPortal.Api.Tests", "DealnetPortal.Api.Tests\DealnetPortal.Api.Tests.csproj", "{67CFB61A-31AD-45A6-A270-1211918F6C14}"
EndProject
Project("{FAE04EC0-301F-11D3-BF4B-00C04F79EFBC}") = "DealnetPortal.Api.Models", "DealnetPortal.Api.Models\DealnetPortal.Api.Models.csproj", "{68167614-D9F6-48BC-AF28-1519BA5C67FD}"
EndProject
Project("{FAE04EC0-301F-11D3-BF4B-00C04F79EFBC}") = "DealnetPortal.Api.Common", "DealnetPortal.Api.Common\DealnetPortal.Api.Common.csproj", "{23FA957A-A9DE-4929-9FFD-603BAE271FBA}"
EndProject
Project("{FAE04EC0-301F-11D3-BF4B-00C04F79EFBC}") = "DealnetPortal.Api.Integration", "DealnetPortal.Api.Integration\DealnetPortal.Api.Integration.csproj", "{F0ACE5BD-77BB-4B88-951F-56EDAC0DCA06}"
EndProject
Project("{FAE04EC0-301F-11D3-BF4B-00C04F79EFBC}") = "DealnetPortal.Utilities", "DealnetPortal.Utilities\DealnetPortal.Utilities.csproj", "{CBE9FAAB-5346-4831-AA25-52E7C28FB029}"
EndProject
Project("{FAE04EC0-301F-11D3-BF4B-00C04F79EFBC}") = "DealnetPortal.Domain", "DealnetPortal.Domain\DealnetPortal.Domain.csproj", "{E19A2AB3-216E-45E0-BA5B-9211B2D112E3}"
EndProject
Project("{FAE04EC0-301F-11D3-BF4B-00C04F79EFBC}") = "DealnetPortal.DataAccess", "DealnetPortal.DataAccess\DealnetPortal.DataAccess.csproj", "{5981D1A4-2F9D-4438-947B-4BE667530BFC}"
EndProject
Project("{FAE04EC0-301F-11D3-BF4B-00C04F79EFBC}") = "DealnetPortal.Api.Resources", "DealnetPortal.Api.Resources\DealnetPortal.Api.Resources.csproj", "{783DE205-0EE3-429C-A85E-09F83F86DD4A}"
EndProject
Project("{FAE04EC0-301F-11D3-BF4B-00C04F79EFBC}") = "DealnetPortal.Api.Core", "DealnetPortal.Api.Core\DealnetPortal.Api.Core.csproj", "{27A5C244-8CEC-4143-8F94-73D2B1FCCB07}"
EndProject
Project("{FAE04EC0-301F-11D3-BF4B-00C04F79EFBC}") = "DealnetPortal.Aspire.Integration", "DealnetPortal.Aspire.Integration\DealnetPortal.Aspire.Integration.csproj", "{70E5423B-4DDD-4711-B56E-A28A0BBE473F}"
EndProject
Project("{FAE04EC0-301F-11D3-BF4B-00C04F79EFBC}") = "DealnetPortal.Api.BackgroundScheduler", "DealnetPortal.Api.BackgroundScheduler\DealnetPortal.Api.BackgroundScheduler.csproj", "{5B19A2C3-CECB-42F2-8B54-C04FD3DE8C83}"
EndProject
Global
	GlobalSection(SolutionConfigurationPlatforms) = preSolution
		AWSProduction|Any CPU = AWSProduction|Any CPU
		AWSTestProduction|Any CPU = AWSTestProduction|Any CPU
		Debug|Any CPU = Debug|Any CPU
		Production|Any CPU = Production|Any CPU
		Release|Any CPU = Release|Any CPU
		Staging|Any CPU = Staging|Any CPU
		Training|Any CPU = Training|Any CPU
		TrainingClarity|Any CPU = TrainingClarity|Any CPU
		UnitTesting|Any CPU = UnitTesting|Any CPU
	EndGlobalSection
	GlobalSection(ProjectConfigurationPlatforms) = postSolution
		{B71FAE74-16C0-4380-B747-7EAD31D64062}.AWSProduction|Any CPU.ActiveCfg = AWSProduction|Any CPU
		{B71FAE74-16C0-4380-B747-7EAD31D64062}.AWSProduction|Any CPU.Build.0 = AWSProduction|Any CPU
		{B71FAE74-16C0-4380-B747-7EAD31D64062}.AWSTestProduction|Any CPU.ActiveCfg = AWSTestProduction|Any CPU
		{B71FAE74-16C0-4380-B747-7EAD31D64062}.AWSTestProduction|Any CPU.Build.0 = AWSTestProduction|Any CPU
		{B71FAE74-16C0-4380-B747-7EAD31D64062}.Debug|Any CPU.ActiveCfg = Debug|Any CPU
		{B71FAE74-16C0-4380-B747-7EAD31D64062}.Debug|Any CPU.Build.0 = Debug|Any CPU
		{B71FAE74-16C0-4380-B747-7EAD31D64062}.Production|Any CPU.ActiveCfg = Production|Any CPU
		{B71FAE74-16C0-4380-B747-7EAD31D64062}.Production|Any CPU.Build.0 = Production|Any CPU
		{B71FAE74-16C0-4380-B747-7EAD31D64062}.Release|Any CPU.ActiveCfg = Release|Any CPU
		{B71FAE74-16C0-4380-B747-7EAD31D64062}.Release|Any CPU.Build.0 = Release|Any CPU
		{B71FAE74-16C0-4380-B747-7EAD31D64062}.Staging|Any CPU.ActiveCfg = Staging|Any CPU
		{B71FAE74-16C0-4380-B747-7EAD31D64062}.Staging|Any CPU.Build.0 = Staging|Any CPU
		{B71FAE74-16C0-4380-B747-7EAD31D64062}.Training|Any CPU.ActiveCfg = Training|Any CPU
		{B71FAE74-16C0-4380-B747-7EAD31D64062}.Training|Any CPU.Build.0 = Training|Any CPU
		{B71FAE74-16C0-4380-B747-7EAD31D64062}.TrainingClarity|Any CPU.ActiveCfg = TrainingClarity|Any CPU
		{B71FAE74-16C0-4380-B747-7EAD31D64062}.TrainingClarity|Any CPU.Build.0 = TrainingClarity|Any CPU
		{B71FAE74-16C0-4380-B747-7EAD31D64062}.UnitTesting|Any CPU.ActiveCfg = UnitTesting|Any CPU
		{B71FAE74-16C0-4380-B747-7EAD31D64062}.UnitTesting|Any CPU.Build.0 = UnitTesting|Any CPU
		{67CFB61A-31AD-45A6-A270-1211918F6C14}.AWSProduction|Any CPU.ActiveCfg = AWSProduction|Any CPU
		{67CFB61A-31AD-45A6-A270-1211918F6C14}.AWSProduction|Any CPU.Build.0 = AWSProduction|Any CPU
		{67CFB61A-31AD-45A6-A270-1211918F6C14}.AWSTestProduction|Any CPU.ActiveCfg = AWSTestProduction|Any CPU
		{67CFB61A-31AD-45A6-A270-1211918F6C14}.AWSTestProduction|Any CPU.Build.0 = AWSTestProduction|Any CPU
		{67CFB61A-31AD-45A6-A270-1211918F6C14}.Debug|Any CPU.ActiveCfg = Debug|Any CPU
		{67CFB61A-31AD-45A6-A270-1211918F6C14}.Debug|Any CPU.Build.0 = Debug|Any CPU
		{67CFB61A-31AD-45A6-A270-1211918F6C14}.Production|Any CPU.ActiveCfg = Production|Any CPU
		{67CFB61A-31AD-45A6-A270-1211918F6C14}.Production|Any CPU.Build.0 = Production|Any CPU
		{67CFB61A-31AD-45A6-A270-1211918F6C14}.Release|Any CPU.ActiveCfg = Release|Any CPU
		{67CFB61A-31AD-45A6-A270-1211918F6C14}.Release|Any CPU.Build.0 = Release|Any CPU
		{67CFB61A-31AD-45A6-A270-1211918F6C14}.Staging|Any CPU.ActiveCfg = Staging|Any CPU
		{67CFB61A-31AD-45A6-A270-1211918F6C14}.Staging|Any CPU.Build.0 = Staging|Any CPU
		{67CFB61A-31AD-45A6-A270-1211918F6C14}.Training|Any CPU.ActiveCfg = Training|Any CPU
		{67CFB61A-31AD-45A6-A270-1211918F6C14}.Training|Any CPU.Build.0 = Training|Any CPU
		{67CFB61A-31AD-45A6-A270-1211918F6C14}.TrainingClarity|Any CPU.ActiveCfg = TrainingClarity|Any CPU
		{67CFB61A-31AD-45A6-A270-1211918F6C14}.TrainingClarity|Any CPU.Build.0 = TrainingClarity|Any CPU
		{67CFB61A-31AD-45A6-A270-1211918F6C14}.UnitTesting|Any CPU.ActiveCfg = UnitTesting|Any CPU
		{67CFB61A-31AD-45A6-A270-1211918F6C14}.UnitTesting|Any CPU.Build.0 = UnitTesting|Any CPU
		{68167614-D9F6-48BC-AF28-1519BA5C67FD}.AWSProduction|Any CPU.ActiveCfg = AWSProduction|Any CPU
		{68167614-D9F6-48BC-AF28-1519BA5C67FD}.AWSProduction|Any CPU.Build.0 = AWSProduction|Any CPU
		{68167614-D9F6-48BC-AF28-1519BA5C67FD}.AWSTestProduction|Any CPU.ActiveCfg = AWSTestProduction|Any CPU
		{68167614-D9F6-48BC-AF28-1519BA5C67FD}.AWSTestProduction|Any CPU.Build.0 = AWSTestProduction|Any CPU
		{68167614-D9F6-48BC-AF28-1519BA5C67FD}.Debug|Any CPU.ActiveCfg = Debug|Any CPU
		{68167614-D9F6-48BC-AF28-1519BA5C67FD}.Debug|Any CPU.Build.0 = Debug|Any CPU
		{68167614-D9F6-48BC-AF28-1519BA5C67FD}.Production|Any CPU.ActiveCfg = Production|Any CPU
		{68167614-D9F6-48BC-AF28-1519BA5C67FD}.Production|Any CPU.Build.0 = Production|Any CPU
		{68167614-D9F6-48BC-AF28-1519BA5C67FD}.Release|Any CPU.ActiveCfg = Release|Any CPU
		{68167614-D9F6-48BC-AF28-1519BA5C67FD}.Release|Any CPU.Build.0 = Release|Any CPU
		{68167614-D9F6-48BC-AF28-1519BA5C67FD}.Staging|Any CPU.ActiveCfg = Staging|Any CPU
		{68167614-D9F6-48BC-AF28-1519BA5C67FD}.Staging|Any CPU.Build.0 = Staging|Any CPU
		{68167614-D9F6-48BC-AF28-1519BA5C67FD}.Training|Any CPU.ActiveCfg = Training|Any CPU
		{68167614-D9F6-48BC-AF28-1519BA5C67FD}.Training|Any CPU.Build.0 = Training|Any CPU
		{68167614-D9F6-48BC-AF28-1519BA5C67FD}.TrainingClarity|Any CPU.ActiveCfg = TrainingClarity|Any CPU
		{68167614-D9F6-48BC-AF28-1519BA5C67FD}.TrainingClarity|Any CPU.Build.0 = TrainingClarity|Any CPU
		{68167614-D9F6-48BC-AF28-1519BA5C67FD}.UnitTesting|Any CPU.ActiveCfg = UnitTesting|Any CPU
		{68167614-D9F6-48BC-AF28-1519BA5C67FD}.UnitTesting|Any CPU.Build.0 = UnitTesting|Any CPU
		{23FA957A-A9DE-4929-9FFD-603BAE271FBA}.AWSProduction|Any CPU.ActiveCfg = AWSProduction|Any CPU
		{23FA957A-A9DE-4929-9FFD-603BAE271FBA}.AWSProduction|Any CPU.Build.0 = AWSProduction|Any CPU
		{23FA957A-A9DE-4929-9FFD-603BAE271FBA}.AWSTestProduction|Any CPU.ActiveCfg = AWSTestProduction|Any CPU
		{23FA957A-A9DE-4929-9FFD-603BAE271FBA}.AWSTestProduction|Any CPU.Build.0 = AWSTestProduction|Any CPU
		{23FA957A-A9DE-4929-9FFD-603BAE271FBA}.Debug|Any CPU.ActiveCfg = Debug|Any CPU
		{23FA957A-A9DE-4929-9FFD-603BAE271FBA}.Debug|Any CPU.Build.0 = Debug|Any CPU
		{23FA957A-A9DE-4929-9FFD-603BAE271FBA}.Production|Any CPU.ActiveCfg = Production|Any CPU
		{23FA957A-A9DE-4929-9FFD-603BAE271FBA}.Production|Any CPU.Build.0 = Production|Any CPU
		{23FA957A-A9DE-4929-9FFD-603BAE271FBA}.Release|Any CPU.ActiveCfg = Release|Any CPU
		{23FA957A-A9DE-4929-9FFD-603BAE271FBA}.Release|Any CPU.Build.0 = Release|Any CPU
		{23FA957A-A9DE-4929-9FFD-603BAE271FBA}.Staging|Any CPU.ActiveCfg = Staging|Any CPU
		{23FA957A-A9DE-4929-9FFD-603BAE271FBA}.Staging|Any CPU.Build.0 = Staging|Any CPU
		{23FA957A-A9DE-4929-9FFD-603BAE271FBA}.Training|Any CPU.ActiveCfg = Training|Any CPU
		{23FA957A-A9DE-4929-9FFD-603BAE271FBA}.Training|Any CPU.Build.0 = Training|Any CPU
		{23FA957A-A9DE-4929-9FFD-603BAE271FBA}.TrainingClarity|Any CPU.ActiveCfg = TrainingClarity|Any CPU
		{23FA957A-A9DE-4929-9FFD-603BAE271FBA}.TrainingClarity|Any CPU.Build.0 = TrainingClarity|Any CPU
		{23FA957A-A9DE-4929-9FFD-603BAE271FBA}.UnitTesting|Any CPU.ActiveCfg = UnitTesting|Any CPU
		{23FA957A-A9DE-4929-9FFD-603BAE271FBA}.UnitTesting|Any CPU.Build.0 = UnitTesting|Any CPU
		{F0ACE5BD-77BB-4B88-951F-56EDAC0DCA06}.AWSProduction|Any CPU.ActiveCfg = AWSProduction|Any CPU
		{F0ACE5BD-77BB-4B88-951F-56EDAC0DCA06}.AWSProduction|Any CPU.Build.0 = AWSProduction|Any CPU
		{F0ACE5BD-77BB-4B88-951F-56EDAC0DCA06}.AWSTestProduction|Any CPU.ActiveCfg = AWSTestProduction|Any CPU
		{F0ACE5BD-77BB-4B88-951F-56EDAC0DCA06}.AWSTestProduction|Any CPU.Build.0 = AWSTestProduction|Any CPU
		{F0ACE5BD-77BB-4B88-951F-56EDAC0DCA06}.Debug|Any CPU.ActiveCfg = Debug|Any CPU
		{F0ACE5BD-77BB-4B88-951F-56EDAC0DCA06}.Debug|Any CPU.Build.0 = Debug|Any CPU
		{F0ACE5BD-77BB-4B88-951F-56EDAC0DCA06}.Production|Any CPU.ActiveCfg = Production|Any CPU
		{F0ACE5BD-77BB-4B88-951F-56EDAC0DCA06}.Production|Any CPU.Build.0 = Production|Any CPU
		{F0ACE5BD-77BB-4B88-951F-56EDAC0DCA06}.Release|Any CPU.ActiveCfg = Release|Any CPU
		{F0ACE5BD-77BB-4B88-951F-56EDAC0DCA06}.Release|Any CPU.Build.0 = Release|Any CPU
		{F0ACE5BD-77BB-4B88-951F-56EDAC0DCA06}.Staging|Any CPU.ActiveCfg = Staging|Any CPU
		{F0ACE5BD-77BB-4B88-951F-56EDAC0DCA06}.Staging|Any CPU.Build.0 = Staging|Any CPU
		{F0ACE5BD-77BB-4B88-951F-56EDAC0DCA06}.Training|Any CPU.ActiveCfg = Training|Any CPU
		{F0ACE5BD-77BB-4B88-951F-56EDAC0DCA06}.Training|Any CPU.Build.0 = Training|Any CPU
		{F0ACE5BD-77BB-4B88-951F-56EDAC0DCA06}.TrainingClarity|Any CPU.ActiveCfg = TrainingClarity|Any CPU
		{F0ACE5BD-77BB-4B88-951F-56EDAC0DCA06}.TrainingClarity|Any CPU.Build.0 = TrainingClarity|Any CPU
		{F0ACE5BD-77BB-4B88-951F-56EDAC0DCA06}.UnitTesting|Any CPU.ActiveCfg = UnitTesting|Any CPU
		{F0ACE5BD-77BB-4B88-951F-56EDAC0DCA06}.UnitTesting|Any CPU.Build.0 = UnitTesting|Any CPU
		{CBE9FAAB-5346-4831-AA25-52E7C28FB029}.AWSProduction|Any CPU.ActiveCfg = AWSProduction|Any CPU
		{CBE9FAAB-5346-4831-AA25-52E7C28FB029}.AWSProduction|Any CPU.Build.0 = AWSProduction|Any CPU
		{CBE9FAAB-5346-4831-AA25-52E7C28FB029}.AWSTestProduction|Any CPU.ActiveCfg = AWSTestProduction|Any CPU
		{CBE9FAAB-5346-4831-AA25-52E7C28FB029}.AWSTestProduction|Any CPU.Build.0 = AWSTestProduction|Any CPU
		{CBE9FAAB-5346-4831-AA25-52E7C28FB029}.Debug|Any CPU.ActiveCfg = Debug|Any CPU
		{CBE9FAAB-5346-4831-AA25-52E7C28FB029}.Debug|Any CPU.Build.0 = Debug|Any CPU
		{CBE9FAAB-5346-4831-AA25-52E7C28FB029}.Production|Any CPU.ActiveCfg = Production|Any CPU
		{CBE9FAAB-5346-4831-AA25-52E7C28FB029}.Production|Any CPU.Build.0 = Production|Any CPU
		{CBE9FAAB-5346-4831-AA25-52E7C28FB029}.Release|Any CPU.ActiveCfg = Release|Any CPU
		{CBE9FAAB-5346-4831-AA25-52E7C28FB029}.Release|Any CPU.Build.0 = Release|Any CPU
		{CBE9FAAB-5346-4831-AA25-52E7C28FB029}.Staging|Any CPU.ActiveCfg = Staging|Any CPU
		{CBE9FAAB-5346-4831-AA25-52E7C28FB029}.Staging|Any CPU.Build.0 = Staging|Any CPU
		{CBE9FAAB-5346-4831-AA25-52E7C28FB029}.Training|Any CPU.ActiveCfg = Training|Any CPU
		{CBE9FAAB-5346-4831-AA25-52E7C28FB029}.Training|Any CPU.Build.0 = Training|Any CPU
		{CBE9FAAB-5346-4831-AA25-52E7C28FB029}.TrainingClarity|Any CPU.ActiveCfg = TrainingClarity|Any CPU
		{CBE9FAAB-5346-4831-AA25-52E7C28FB029}.TrainingClarity|Any CPU.Build.0 = TrainingClarity|Any CPU
		{CBE9FAAB-5346-4831-AA25-52E7C28FB029}.UnitTesting|Any CPU.ActiveCfg = UnitTesting|Any CPU
		{CBE9FAAB-5346-4831-AA25-52E7C28FB029}.UnitTesting|Any CPU.Build.0 = UnitTesting|Any CPU
		{E19A2AB3-216E-45E0-BA5B-9211B2D112E3}.AWSProduction|Any CPU.ActiveCfg = AWSProduction|Any CPU
		{E19A2AB3-216E-45E0-BA5B-9211B2D112E3}.AWSProduction|Any CPU.Build.0 = AWSProduction|Any CPU
		{E19A2AB3-216E-45E0-BA5B-9211B2D112E3}.AWSTestProduction|Any CPU.ActiveCfg = AWSTestProduction|Any CPU
		{E19A2AB3-216E-45E0-BA5B-9211B2D112E3}.AWSTestProduction|Any CPU.Build.0 = AWSTestProduction|Any CPU
		{E19A2AB3-216E-45E0-BA5B-9211B2D112E3}.Debug|Any CPU.ActiveCfg = Debug|Any CPU
		{E19A2AB3-216E-45E0-BA5B-9211B2D112E3}.Debug|Any CPU.Build.0 = Debug|Any CPU
		{E19A2AB3-216E-45E0-BA5B-9211B2D112E3}.Production|Any CPU.ActiveCfg = Production|Any CPU
		{E19A2AB3-216E-45E0-BA5B-9211B2D112E3}.Production|Any CPU.Build.0 = Production|Any CPU
		{E19A2AB3-216E-45E0-BA5B-9211B2D112E3}.Release|Any CPU.ActiveCfg = Release|Any CPU
		{E19A2AB3-216E-45E0-BA5B-9211B2D112E3}.Release|Any CPU.Build.0 = Release|Any CPU
		{E19A2AB3-216E-45E0-BA5B-9211B2D112E3}.Staging|Any CPU.ActiveCfg = Staging|Any CPU
		{E19A2AB3-216E-45E0-BA5B-9211B2D112E3}.Staging|Any CPU.Build.0 = Staging|Any CPU
		{E19A2AB3-216E-45E0-BA5B-9211B2D112E3}.Training|Any CPU.ActiveCfg = Training|Any CPU
		{E19A2AB3-216E-45E0-BA5B-9211B2D112E3}.Training|Any CPU.Build.0 = Training|Any CPU
		{E19A2AB3-216E-45E0-BA5B-9211B2D112E3}.TrainingClarity|Any CPU.ActiveCfg = TrainingClarity|Any CPU
		{E19A2AB3-216E-45E0-BA5B-9211B2D112E3}.TrainingClarity|Any CPU.Build.0 = TrainingClarity|Any CPU
		{E19A2AB3-216E-45E0-BA5B-9211B2D112E3}.UnitTesting|Any CPU.ActiveCfg = UnitTesting|Any CPU
		{E19A2AB3-216E-45E0-BA5B-9211B2D112E3}.UnitTesting|Any CPU.Build.0 = UnitTesting|Any CPU
		{5981D1A4-2F9D-4438-947B-4BE667530BFC}.AWSProduction|Any CPU.ActiveCfg = AWSProduction|Any CPU
		{5981D1A4-2F9D-4438-947B-4BE667530BFC}.AWSProduction|Any CPU.Build.0 = AWSProduction|Any CPU
		{5981D1A4-2F9D-4438-947B-4BE667530BFC}.AWSTestProduction|Any CPU.ActiveCfg = AWSTestProduction|Any CPU
		{5981D1A4-2F9D-4438-947B-4BE667530BFC}.AWSTestProduction|Any CPU.Build.0 = AWSTestProduction|Any CPU
		{5981D1A4-2F9D-4438-947B-4BE667530BFC}.Debug|Any CPU.ActiveCfg = Debug|Any CPU
		{5981D1A4-2F9D-4438-947B-4BE667530BFC}.Debug|Any CPU.Build.0 = Debug|Any CPU
		{5981D1A4-2F9D-4438-947B-4BE667530BFC}.Production|Any CPU.ActiveCfg = Production|Any CPU
		{5981D1A4-2F9D-4438-947B-4BE667530BFC}.Production|Any CPU.Build.0 = Production|Any CPU
		{5981D1A4-2F9D-4438-947B-4BE667530BFC}.Release|Any CPU.ActiveCfg = Release|Any CPU
		{5981D1A4-2F9D-4438-947B-4BE667530BFC}.Release|Any CPU.Build.0 = Release|Any CPU
		{5981D1A4-2F9D-4438-947B-4BE667530BFC}.Staging|Any CPU.ActiveCfg = Staging|Any CPU
		{5981D1A4-2F9D-4438-947B-4BE667530BFC}.Staging|Any CPU.Build.0 = Staging|Any CPU
		{5981D1A4-2F9D-4438-947B-4BE667530BFC}.Training|Any CPU.ActiveCfg = Training|Any CPU
		{5981D1A4-2F9D-4438-947B-4BE667530BFC}.Training|Any CPU.Build.0 = Training|Any CPU
		{5981D1A4-2F9D-4438-947B-4BE667530BFC}.TrainingClarity|Any CPU.ActiveCfg = TrainingClarity|Any CPU
		{5981D1A4-2F9D-4438-947B-4BE667530BFC}.TrainingClarity|Any CPU.Build.0 = TrainingClarity|Any CPU
		{5981D1A4-2F9D-4438-947B-4BE667530BFC}.UnitTesting|Any CPU.ActiveCfg = UnitTesting|Any CPU
		{5981D1A4-2F9D-4438-947B-4BE667530BFC}.UnitTesting|Any CPU.Build.0 = UnitTesting|Any CPU
		{783DE205-0EE3-429C-A85E-09F83F86DD4A}.AWSProduction|Any CPU.ActiveCfg = AWSProduction|Any CPU
		{783DE205-0EE3-429C-A85E-09F83F86DD4A}.AWSProduction|Any CPU.Build.0 = AWSProduction|Any CPU
		{783DE205-0EE3-429C-A85E-09F83F86DD4A}.AWSTestProduction|Any CPU.ActiveCfg = AWSTestProduction|Any CPU
		{783DE205-0EE3-429C-A85E-09F83F86DD4A}.AWSTestProduction|Any CPU.Build.0 = AWSTestProduction|Any CPU
		{783DE205-0EE3-429C-A85E-09F83F86DD4A}.Debug|Any CPU.ActiveCfg = Debug|Any CPU
		{783DE205-0EE3-429C-A85E-09F83F86DD4A}.Debug|Any CPU.Build.0 = Debug|Any CPU
		{783DE205-0EE3-429C-A85E-09F83F86DD4A}.Production|Any CPU.ActiveCfg = Production|Any CPU
		{783DE205-0EE3-429C-A85E-09F83F86DD4A}.Production|Any CPU.Build.0 = Production|Any CPU
		{783DE205-0EE3-429C-A85E-09F83F86DD4A}.Release|Any CPU.ActiveCfg = Release|Any CPU
		{783DE205-0EE3-429C-A85E-09F83F86DD4A}.Release|Any CPU.Build.0 = Release|Any CPU
		{783DE205-0EE3-429C-A85E-09F83F86DD4A}.Staging|Any CPU.ActiveCfg = Staging|Any CPU
		{783DE205-0EE3-429C-A85E-09F83F86DD4A}.Staging|Any CPU.Build.0 = Staging|Any CPU
		{783DE205-0EE3-429C-A85E-09F83F86DD4A}.Training|Any CPU.ActiveCfg = Training|Any CPU
		{783DE205-0EE3-429C-A85E-09F83F86DD4A}.Training|Any CPU.Build.0 = Training|Any CPU
		{783DE205-0EE3-429C-A85E-09F83F86DD4A}.TrainingClarity|Any CPU.ActiveCfg = TrainingClarity|Any CPU
		{783DE205-0EE3-429C-A85E-09F83F86DD4A}.TrainingClarity|Any CPU.Build.0 = TrainingClarity|Any CPU
		{783DE205-0EE3-429C-A85E-09F83F86DD4A}.UnitTesting|Any CPU.ActiveCfg = UnitTesting|Any CPU
		{783DE205-0EE3-429C-A85E-09F83F86DD4A}.UnitTesting|Any CPU.Build.0 = UnitTesting|Any CPU
		{27A5C244-8CEC-4143-8F94-73D2B1FCCB07}.AWSProduction|Any CPU.ActiveCfg = AWSProduction|Any CPU
		{27A5C244-8CEC-4143-8F94-73D2B1FCCB07}.AWSProduction|Any CPU.Build.0 = AWSProduction|Any CPU
		{27A5C244-8CEC-4143-8F94-73D2B1FCCB07}.AWSTestProduction|Any CPU.ActiveCfg = AWSTestProduction|Any CPU
		{27A5C244-8CEC-4143-8F94-73D2B1FCCB07}.AWSTestProduction|Any CPU.Build.0 = AWSTestProduction|Any CPU
		{27A5C244-8CEC-4143-8F94-73D2B1FCCB07}.Debug|Any CPU.ActiveCfg = Debug|Any CPU
		{27A5C244-8CEC-4143-8F94-73D2B1FCCB07}.Debug|Any CPU.Build.0 = Debug|Any CPU
		{27A5C244-8CEC-4143-8F94-73D2B1FCCB07}.Production|Any CPU.ActiveCfg = Production|Any CPU
		{27A5C244-8CEC-4143-8F94-73D2B1FCCB07}.Production|Any CPU.Build.0 = Production|Any CPU
		{27A5C244-8CEC-4143-8F94-73D2B1FCCB07}.Release|Any CPU.ActiveCfg = Release|Any CPU
		{27A5C244-8CEC-4143-8F94-73D2B1FCCB07}.Release|Any CPU.Build.0 = Release|Any CPU
		{27A5C244-8CEC-4143-8F94-73D2B1FCCB07}.Staging|Any CPU.ActiveCfg = Staging|Any CPU
		{27A5C244-8CEC-4143-8F94-73D2B1FCCB07}.Staging|Any CPU.Build.0 = Staging|Any CPU
		{27A5C244-8CEC-4143-8F94-73D2B1FCCB07}.Training|Any CPU.ActiveCfg = Training|Any CPU
		{27A5C244-8CEC-4143-8F94-73D2B1FCCB07}.Training|Any CPU.Build.0 = Training|Any CPU
		{27A5C244-8CEC-4143-8F94-73D2B1FCCB07}.TrainingClarity|Any CPU.ActiveCfg = TrainingClarity|Any CPU
		{27A5C244-8CEC-4143-8F94-73D2B1FCCB07}.TrainingClarity|Any CPU.Build.0 = TrainingClarity|Any CPU
		{27A5C244-8CEC-4143-8F94-73D2B1FCCB07}.UnitTesting|Any CPU.ActiveCfg = UnitTesting|Any CPU
		{27A5C244-8CEC-4143-8F94-73D2B1FCCB07}.UnitTesting|Any CPU.Build.0 = UnitTesting|Any CPU
		{70E5423B-4DDD-4711-B56E-A28A0BBE473F}.AWSProduction|Any CPU.ActiveCfg = AWSProduction|Any CPU
		{70E5423B-4DDD-4711-B56E-A28A0BBE473F}.AWSProduction|Any CPU.Build.0 = AWSProduction|Any CPU
		{70E5423B-4DDD-4711-B56E-A28A0BBE473F}.AWSTestProduction|Any CPU.ActiveCfg = AWSTestProduction|Any CPU
		{70E5423B-4DDD-4711-B56E-A28A0BBE473F}.AWSTestProduction|Any CPU.Build.0 = AWSTestProduction|Any CPU
		{70E5423B-4DDD-4711-B56E-A28A0BBE473F}.Debug|Any CPU.ActiveCfg = Debug|Any CPU
		{70E5423B-4DDD-4711-B56E-A28A0BBE473F}.Debug|Any CPU.Build.0 = Debug|Any CPU
		{70E5423B-4DDD-4711-B56E-A28A0BBE473F}.Production|Any CPU.ActiveCfg = Production|Any CPU
		{70E5423B-4DDD-4711-B56E-A28A0BBE473F}.Production|Any CPU.Build.0 = Production|Any CPU
		{70E5423B-4DDD-4711-B56E-A28A0BBE473F}.Release|Any CPU.ActiveCfg = Release|Any CPU
		{70E5423B-4DDD-4711-B56E-A28A0BBE473F}.Release|Any CPU.Build.0 = Release|Any CPU
		{70E5423B-4DDD-4711-B56E-A28A0BBE473F}.Staging|Any CPU.ActiveCfg = Staging|Any CPU
		{70E5423B-4DDD-4711-B56E-A28A0BBE473F}.Staging|Any CPU.Build.0 = Staging|Any CPU
		{70E5423B-4DDD-4711-B56E-A28A0BBE473F}.Training|Any CPU.ActiveCfg = Training|Any CPU
		{70E5423B-4DDD-4711-B56E-A28A0BBE473F}.Training|Any CPU.Build.0 = Training|Any CPU
		{70E5423B-4DDD-4711-B56E-A28A0BBE473F}.TrainingClarity|Any CPU.ActiveCfg = TrainingClarity|Any CPU
		{70E5423B-4DDD-4711-B56E-A28A0BBE473F}.TrainingClarity|Any CPU.Build.0 = TrainingClarity|Any CPU
		{70E5423B-4DDD-4711-B56E-A28A0BBE473F}.UnitTesting|Any CPU.ActiveCfg = UnitTesting|Any CPU
		{70E5423B-4DDD-4711-B56E-A28A0BBE473F}.UnitTesting|Any CPU.Build.0 = UnitTesting|Any CPU
		{5B19A2C3-CECB-42F2-8B54-C04FD3DE8C83}.AWSProduction|Any CPU.ActiveCfg = AWSProduction|Any CPU
		{5B19A2C3-CECB-42F2-8B54-C04FD3DE8C83}.AWSProduction|Any CPU.Build.0 = AWSProduction|Any CPU
		{5B19A2C3-CECB-42F2-8B54-C04FD3DE8C83}.AWSTestProduction|Any CPU.ActiveCfg = AWSTestProduction|Any CPU
		{5B19A2C3-CECB-42F2-8B54-C04FD3DE8C83}.AWSTestProduction|Any CPU.Build.0 = AWSTestProduction|Any CPU
		{5B19A2C3-CECB-42F2-8B54-C04FD3DE8C83}.Debug|Any CPU.ActiveCfg = Debug|Any CPU
		{5B19A2C3-CECB-42F2-8B54-C04FD3DE8C83}.Debug|Any CPU.Build.0 = Debug|Any CPU
		{5B19A2C3-CECB-42F2-8B54-C04FD3DE8C83}.Production|Any CPU.ActiveCfg = Production|Any CPU
		{5B19A2C3-CECB-42F2-8B54-C04FD3DE8C83}.Production|Any CPU.Build.0 = Production|Any CPU
		{5B19A2C3-CECB-42F2-8B54-C04FD3DE8C83}.Release|Any CPU.ActiveCfg = Release|Any CPU
		{5B19A2C3-CECB-42F2-8B54-C04FD3DE8C83}.Release|Any CPU.Build.0 = Release|Any CPU
		{5B19A2C3-CECB-42F2-8B54-C04FD3DE8C83}.Staging|Any CPU.ActiveCfg = Staging|Any CPU
		{5B19A2C3-CECB-42F2-8B54-C04FD3DE8C83}.Staging|Any CPU.Build.0 = Staging|Any CPU
		{5B19A2C3-CECB-42F2-8B54-C04FD3DE8C83}.Training|Any CPU.ActiveCfg = Training|Any CPU
		{5B19A2C3-CECB-42F2-8B54-C04FD3DE8C83}.Training|Any CPU.Build.0 = Training|Any CPU
		{5B19A2C3-CECB-42F2-8B54-C04FD3DE8C83}.TrainingClarity|Any CPU.ActiveCfg = TrainingClarity|Any CPU
		{5B19A2C3-CECB-42F2-8B54-C04FD3DE8C83}.TrainingClarity|Any CPU.Build.0 = TrainingClarity|Any CPU
		{5B19A2C3-CECB-42F2-8B54-C04FD3DE8C83}.UnitTesting|Any CPU.ActiveCfg = UnitTesting|Any CPU
		{5B19A2C3-CECB-42F2-8B54-C04FD3DE8C83}.UnitTesting|Any CPU.Build.0 = UnitTesting|Any CPU
	EndGlobalSection
	GlobalSection(SolutionProperties) = preSolution
		HideSolutionNode = FALSE
	EndGlobalSection
	GlobalSection(ExtensibilityGlobals) = postSolution
		SolutionGuid = {43A0B094-8245-4C13-90FD-5CD75A6C4CF4}
	EndGlobalSection
EndGlobal
